Microsoft Visual Studio Solution File, Format Version 8.00
Project("{FAE04EC0-301F-11D3-BF4B-00C04F79EFBC}") = "ConceptionExamen", "ConceptionExamen.csproj", "{FF0AC2A0-2FCF-40CB-A098-329F66724E92}"
EndProject
Global
	GlobalSection(SolutionConfiguration) = preSolution
		ConfigName.0 = Debug
		ConfigName.1 = Release
	EndGlobalSection
	GlobalSection(ProjectDependencies) = postSolution
	EndGlobalSection
	GlobalSection(ProjectConfiguration) = postSolution
		{FF0AC2A0-2FCF-40CB-A098-329F66724E92}.Debug.ActiveCfg = Debug|.NET
		{FF0AC2A0-2FCF-40CB-A098-329F66724E92}.Debug.Build.0 = Debug|.NET
		{FF0AC2A0-2FCF-40CB-A098-329F66724E92}.Release.ActiveCfg = Release|.NET
		{FF0AC2A0-2FCF-40CB-A098-329F66724E92}.Release.Build.0 = Release|.NET
	EndGlobalSection
	GlobalSection(ExtensibilityGlobals) = postSolution
	EndGlobalSection
	GlobalSection(ExtensibilityAddIns) = postSolution
	EndGlobalSection
EndGlobal